// !$*UTF8*$!
{
	archiveVersion = 1;
	classes = {
	};
	objectVersion = 46;
	objects = {

/* Begin PBXBuildFile section */
		5192410D18FB553E007BB39D /* GroupTableViewController.m in Sources */ = {isa = PBXBuildFile; fileRef = 5192410C18FB553E007BB39D /* GroupTableViewController.m */; };
		5192410E18FB553E007BB39D /* GroupTableViewController.m in Sources */ = {isa = PBXBuildFile; fileRef = 5192410C18FB553E007BB39D /* GroupTableViewController.m */; };
		5192411118FB587C007BB39D /* AddGroupViewController.m in Sources */ = {isa = PBXBuildFile; fileRef = 5192411018FB587C007BB39D /* AddGroupViewController.m */; };
		5192411218FB587C007BB39D /* AddGroupViewController.m in Sources */ = {isa = PBXBuildFile; fileRef = 5192411018FB587C007BB39D /* AddGroupViewController.m */; };
		5192411518FB6BCB007BB39D /* AppDelegate.m in Sources */ = {isa = PBXBuildFile; fileRef = 5192411418FB6BCB007BB39D /* AppDelegate.m */; };
		5192411618FB6BCB007BB39D /* AppDelegate.m in Sources */ = {isa = PBXBuildFile; fileRef = 5192411418FB6BCB007BB39D /* AppDelegate.m */; };
		5192411818FB9A5B007BB39D /* CoreData.framework in Frameworks */ = {isa = PBXBuildFile; fileRef = 5192411718FB9A5B007BB39D /* CoreData.framework */; };
		5192412218FE2ADE007BB39D /* Bucket.m in Sources */ = {isa = PBXBuildFile; fileRef = 5192412118FE2ADE007BB39D /* Bucket.m */; };
		5192412518FE2B64007BB39D /* Instance.m in Sources */ = {isa = PBXBuildFile; fileRef = 5192412418FE2B64007BB39D /* Instance.m */; };
		51BE6F191900E0250022F7EC /* BucketTableViewController.m in Sources */ = {isa = PBXBuildFile; fileRef = 51BE6F181900E0250022F7EC /* BucketTableViewController.m */; };
		51BE6F1C1900E7D90022F7EC /* AddBucketViewController.m in Sources */ = {isa = PBXBuildFile; fileRef = 51BE6F1B1900E7D90022F7EC /* AddBucketViewController.m */; };
		51DC0FF618FB48E200B4C321 /* Foundation.framework in Frameworks */ = {isa = PBXBuildFile; fileRef = 51DC0FF518FB48E200B4C321 /* Foundation.framework */; };
		51DC0FF818FB48E200B4C321 /* CoreGraphics.framework in Frameworks */ = {isa = PBXBuildFile; fileRef = 51DC0FF718FB48E200B4C321 /* CoreGraphics.framework */; };
		51DC0FFA18FB48E200B4C321 /* UIKit.framework in Frameworks */ = {isa = PBXBuildFile; fileRef = 51DC0FF918FB48E200B4C321 /* UIKit.framework */; };
		51DC100018FB48E200B4C321 /* InfoPlist.strings in Resources */ = {isa = PBXBuildFile; fileRef = 51DC0FFE18FB48E200B4C321 /* InfoPlist.strings */; };
		51DC100218FB48E200B4C321 /* main.m in Sources */ = {isa = PBXBuildFile; fileRef = 51DC100118FB48E200B4C321 /* main.m */; };
		51DC100918FB48E200B4C321 /* Main.storyboard in Resources */ = {isa = PBXBuildFile; fileRef = 51DC100718FB48E200B4C321 /* Main.storyboard */; };
		51DC100E18FB48E300B4C321 /* Images.xcassets in Resources */ = {isa = PBXBuildFile; fileRef = 51DC100D18FB48E300B4C321 /* Images.xcassets */; };
		51DC101518FB48E300B4C321 /* XCTest.framework in Frameworks */ = {isa = PBXBuildFile; fileRef = 51DC101418FB48E300B4C321 /* XCTest.framework */; };
		51DC101618FB48E300B4C321 /* Foundation.framework in Frameworks */ = {isa = PBXBuildFile; fileRef = 51DC0FF518FB48E200B4C321 /* Foundation.framework */; };
		51DC101718FB48E300B4C321 /* UIKit.framework in Frameworks */ = {isa = PBXBuildFile; fileRef = 51DC0FF918FB48E200B4C321 /* UIKit.framework */; };
		51DC101F18FB48E300B4C321 /* InfoPlist.strings in Resources */ = {isa = PBXBuildFile; fileRef = 51DC101D18FB48E300B4C321 /* InfoPlist.strings */; };
		51DC102118FB48E300B4C321 /* MoneyBucketsTests.m in Sources */ = {isa = PBXBuildFile; fileRef = 51DC102018FB48E300B4C321 /* MoneyBucketsTests.m */; };
		51DC102F18FB494300B4C321 /* AppModel.xcdatamodeld in Sources */ = {isa = PBXBuildFile; fileRef = 51DC102D18FB494300B4C321 /* AppModel.xcdatamodeld */; };
		51DC103018FB494300B4C321 /* AppModel.xcdatamodeld in Sources */ = {isa = PBXBuildFile; fileRef = 51DC102D18FB494300B4C321 /* AppModel.xcdatamodeld */; };
		51DF66F41908CCD80025D72D /* Group.m in Sources */ = {isa = PBXBuildFile; fileRef = 51DF66F31908CCD80025D72D /* Group.m */; };
		51DF66F71908DAD70025D72D /* InstanceTableViewController.m in Sources */ = {isa = PBXBuildFile; fileRef = 51DF66F61908DAD70025D72D /* InstanceTableViewController.m */; };
		51DF66FA1908DE2E0025D72D /* AddInstanceViewController.m in Sources */ = {isa = PBXBuildFile; fileRef = 51DF66F91908DE2E0025D72D /* AddInstanceViewController.m */; };
/* End PBXBuildFile section */

/* Begin PBXContainerItemProxy section */
		51DC101818FB48E300B4C321 /* PBXContainerItemProxy */ = {
			isa = PBXContainerItemProxy;
			containerPortal = 51DC0FEA18FB48E200B4C321 /* Project object */;
			proxyType = 1;
			remoteGlobalIDString = 51DC0FF118FB48E200B4C321;
			remoteInfo = MoneyBuckets;
		};
/* End PBXContainerItemProxy section */

/* Begin PBXFileReference section */
		5192410B18FB553E007BB39D /* GroupTableViewController.h */ = {isa = PBXFileReference; fileEncoding = 4; lastKnownFileType = sourcecode.c.h; path = GroupTableViewController.h; sourceTree = "<group>"; };
		5192410C18FB553E007BB39D /* GroupTableViewController.m */ = {isa = PBXFileReference; fileEncoding = 4; lastKnownFileType = sourcecode.c.objc; path = GroupTableViewController.m; sourceTree = "<group>"; };
		5192410F18FB587C007BB39D /* AddGroupViewController.h */ = {isa = PBXFileReference; fileEncoding = 4; lastKnownFileType = sourcecode.c.h; path = AddGroupViewController.h; sourceTree = "<group>"; };
		5192411018FB587C007BB39D /* AddGroupViewController.m */ = {isa = PBXFileReference; fileEncoding = 4; lastKnownFileType = sourcecode.c.objc; path = AddGroupViewController.m; sourceTree = "<group>"; };
		5192411318FB6BCB007BB39D /* AppDelegate.h */ = {isa = PBXFileReference; fileEncoding = 4; lastKnownFileType = sourcecode.c.h; path = AppDelegate.h; sourceTree = "<group>"; };
		5192411418FB6BCB007BB39D /* AppDelegate.m */ = {isa = PBXFileReference; fileEncoding = 4; lastKnownFileType = sourcecode.c.objc; path = AppDelegate.m; sourceTree = "<group>"; };
		5192411718FB9A5B007BB39D /* CoreData.framework */ = {isa = PBXFileReference; lastKnownFileType = wrapper.framework; name = CoreData.framework; path = System/Library/Frameworks/CoreData.framework; sourceTree = SDKROOT; };
		5192412018FE2ADE007BB39D /* Bucket.h */ = {isa = PBXFileReference; fileEncoding = 4; lastKnownFileType = sourcecode.c.h; path = Bucket.h; sourceTree = "<group>"; };
		5192412118FE2ADE007BB39D /* Bucket.m */ = {isa = PBXFileReference; fileEncoding = 4; lastKnownFileType = sourcecode.c.objc; path = Bucket.m; sourceTree = "<group>"; };
		5192412318FE2B64007BB39D /* Instance.h */ = {isa = PBXFileReference; fileEncoding = 4; lastKnownFileType = sourcecode.c.h; path = Instance.h; sourceTree = "<group>"; };
		5192412418FE2B64007BB39D /* Instance.m */ = {isa = PBXFileReference; fileEncoding = 4; lastKnownFileType = sourcecode.c.objc; path = Instance.m; sourceTree = "<group>"; };
		51BE6F171900E0250022F7EC /* BucketTableViewController.h */ = {isa = PBXFileReference; fileEncoding = 4; lastKnownFileType = sourcecode.c.h; path = BucketTableViewController.h; sourceTree = "<group>"; };
		51BE6F181900E0250022F7EC /* BucketTableViewController.m */ = {isa = PBXFileReference; fileEncoding = 4; lastKnownFileType = sourcecode.c.objc; path = BucketTableViewController.m; sourceTree = "<group>"; };
		51BE6F1A1900E7D90022F7EC /* AddBucketViewController.h */ = {isa = PBXFileReference; fileEncoding = 4; lastKnownFileType = sourcecode.c.h; path = AddBucketViewController.h; sourceTree = "<group>"; };
		51BE6F1B1900E7D90022F7EC /* AddBucketViewController.m */ = {isa = PBXFileReference; fileEncoding = 4; lastKnownFileType = sourcecode.c.objc; path = AddBucketViewController.m; sourceTree = "<group>"; };
		51DC0FF218FB48E200B4C321 /* MoneyBuckets.app */ = {isa = PBXFileReference; explicitFileType = wrapper.application; includeInIndex = 0; path = MoneyBuckets.app; sourceTree = BUILT_PRODUCTS_DIR; };
		51DC0FF518FB48E200B4C321 /* Foundation.framework */ = {isa = PBXFileReference; lastKnownFileType = wrapper.framework; name = Foundation.framework; path = System/Library/Frameworks/Foundation.framework; sourceTree = SDKROOT; };
		51DC0FF718FB48E200B4C321 /* CoreGraphics.framework */ = {isa = PBXFileReference; lastKnownFileType = wrapper.framework; name = CoreGraphics.framework; path = System/Library/Frameworks/CoreGraphics.framework; sourceTree = SDKROOT; };
		51DC0FF918FB48E200B4C321 /* UIKit.framework */ = {isa = PBXFileReference; lastKnownFileType = wrapper.framework; name = UIKit.framework; path = System/Library/Frameworks/UIKit.framework; sourceTree = SDKROOT; };
		51DC0FFD18FB48E200B4C321 /* MoneyBuckets-Info.plist */ = {isa = PBXFileReference; lastKnownFileType = text.plist.xml; path = "MoneyBuckets-Info.plist"; sourceTree = "<group>"; };
		51DC0FFF18FB48E200B4C321 /* en */ = {isa = PBXFileReference; lastKnownFileType = text.plist.strings; name = en; path = en.lproj/InfoPlist.strings; sourceTree = "<group>"; };
		51DC100118FB48E200B4C321 /* main.m */ = {isa = PBXFileReference; lastKnownFileType = sourcecode.c.objc; path = main.m; sourceTree = "<group>"; };
		51DC100318FB48E200B4C321 /* MoneyBuckets-Prefix.pch */ = {isa = PBXFileReference; lastKnownFileType = sourcecode.c.h; path = "MoneyBuckets-Prefix.pch"; sourceTree = "<group>"; };
		51DC100818FB48E200B4C321 /* Base */ = {isa = PBXFileReference; lastKnownFileType = file.storyboard; name = Base; path = Base.lproj/Main.storyboard; sourceTree = "<group>"; };
		51DC100D18FB48E300B4C321 /* Images.xcassets */ = {isa = PBXFileReference; lastKnownFileType = folder.assetcatalog; path = Images.xcassets; sourceTree = "<group>"; };
		51DC101318FB48E300B4C321 /* MoneyBucketsTests.xctest */ = {isa = PBXFileReference; explicitFileType = wrapper.cfbundle; includeInIndex = 0; path = MoneyBucketsTests.xctest; sourceTree = BUILT_PRODUCTS_DIR; };
		51DC101418FB48E300B4C321 /* XCTest.framework */ = {isa = PBXFileReference; lastKnownFileType = wrapper.framework; name = XCTest.framework; path = Library/Frameworks/XCTest.framework; sourceTree = DEVELOPER_DIR; };
		51DC101C18FB48E300B4C321 /* MoneyBucketsTests-Info.plist */ = {isa = PBXFileReference; lastKnownFileType = text.plist.xml; path = "MoneyBucketsTests-Info.plist"; sourceTree = "<group>"; };
		51DC101E18FB48E300B4C321 /* en */ = {isa = PBXFileReference; lastKnownFileType = text.plist.strings; name = en; path = en.lproj/InfoPlist.strings; sourceTree = "<group>"; };
		51DC102018FB48E300B4C321 /* MoneyBucketsTests.m */ = {isa = PBXFileReference; lastKnownFileType = sourcecode.c.objc; path = MoneyBucketsTests.m; sourceTree = "<group>"; };
		51DC102E18FB494300B4C321 /* AppModel.xcdatamodel */ = {isa = PBXFileReference; lastKnownFileType = wrapper.xcdatamodel; path = AppModel.xcdatamodel; sourceTree = "<group>"; };
		51DF66F21908CCD80025D72D /* Group.h */ = {isa = PBXFileReference; fileEncoding = 4; lastKnownFileType = sourcecode.c.h; path = Group.h; sourceTree = "<group>"; };
		51DF66F31908CCD80025D72D /* Group.m */ = {isa = PBXFileReference; fileEncoding = 4; lastKnownFileType = sourcecode.c.objc; path = Group.m; sourceTree = "<group>"; };
		51DF66F51908DAD70025D72D /* InstanceTableViewController.h */ = {isa = PBXFileReference; fileEncoding = 4; lastKnownFileType = sourcecode.c.h; path = InstanceTableViewController.h; sourceTree = "<group>"; };
		51DF66F61908DAD70025D72D /* InstanceTableViewController.m */ = {isa = PBXFileReference; fileEncoding = 4; lastKnownFileType = sourcecode.c.objc; path = InstanceTableViewController.m; sourceTree = "<group>"; };
		51DF66F81908DE2E0025D72D /* AddInstanceViewController.h */ = {isa = PBXFileReference; fileEncoding = 4; lastKnownFileType = sourcecode.c.h; path = AddInstanceViewController.h; sourceTree = "<group>"; };
		51DF66F91908DE2E0025D72D /* AddInstanceViewController.m */ = {isa = PBXFileReference; fileEncoding = 4; lastKnownFileType = sourcecode.c.objc; path = AddInstanceViewController.m; sourceTree = "<group>"; };
/* End PBXFileReference section */

/* Begin PBXFrameworksBuildPhase section */
		51DC0FEF18FB48E200B4C321 /* Frameworks */ = {
			isa = PBXFrameworksBuildPhase;
			buildActionMask = 2147483647;
			files = (
				5192411818FB9A5B007BB39D /* CoreData.framework in Frameworks */,
				51DC0FF818FB48E200B4C321 /* CoreGraphics.framework in Frameworks */,
				51DC0FFA18FB48E200B4C321 /* UIKit.framework in Frameworks */,
				51DC0FF618FB48E200B4C321 /* Foundation.framework in Frameworks */,
			);
			runOnlyForDeploymentPostprocessing = 0;
		};
		51DC101018FB48E300B4C321 /* Frameworks */ = {
			isa = PBXFrameworksBuildPhase;
			buildActionMask = 2147483647;
			files = (
				51DC101518FB48E300B4C321 /* XCTest.framework in Frameworks */,
				51DC101718FB48E300B4C321 /* UIKit.framework in Frameworks */,
				51DC101618FB48E300B4C321 /* Foundation.framework in Frameworks */,
			);
			runOnlyForDeploymentPostprocessing = 0;
		};
/* End PBXFrameworksBuildPhase section */

/* Begin PBXGroup section */
		5192411918FE2AB2007BB39D /* Model */ = {
			isa = PBXGroup;
			children = (
				51DF66F21908CCD80025D72D /* Group.h */,
				51DF66F31908CCD80025D72D /* Group.m */,
				5192412018FE2ADE007BB39D /* Bucket.h */,
				5192412118FE2ADE007BB39D /* Bucket.m */,
				5192412318FE2B64007BB39D /* Instance.h */,
				5192412418FE2B64007BB39D /* Instance.m */,
			);
			name = Model;
			sourceTree = "<group>";
		};
		51DC0FE918FB48E200B4C321 = {
			isa = PBXGroup;
			children = (
				51DC0FFB18FB48E200B4C321 /* MoneyBuckets */,
				51DC101A18FB48E300B4C321 /* MoneyBucketsTests */,
				51DC0FF418FB48E200B4C321 /* Frameworks */,
				51DC0FF318FB48E200B4C321 /* Products */,
			);
			sourceTree = "<group>";
		};
		51DC0FF318FB48E200B4C321 /* Products */ = {
			isa = PBXGroup;
			children = (
				51DC0FF218FB48E200B4C321 /* MoneyBuckets.app */,
				51DC101318FB48E300B4C321 /* MoneyBucketsTests.xctest */,
			);
			name = Products;
			sourceTree = "<group>";
		};
		51DC0FF418FB48E200B4C321 /* Frameworks */ = {
			isa = PBXGroup;
			children = (
				5192411718FB9A5B007BB39D /* CoreData.framework */,
				51DC0FF518FB48E200B4C321 /* Foundation.framework */,
				51DC0FF718FB48E200B4C321 /* CoreGraphics.framework */,
				51DC0FF918FB48E200B4C321 /* UIKit.framework */,
				51DC101418FB48E300B4C321 /* XCTest.framework */,
			);
			name = Frameworks;
			sourceTree = "<group>";
		};
		51DC0FFB18FB48E200B4C321 /* MoneyBuckets */ = {
			isa = PBXGroup;
			children = (
				51DC102D18FB494300B4C321 /* AppModel.xcdatamodeld */,
				5192411918FE2AB2007BB39D /* Model */,
				5192411318FB6BCB007BB39D /* AppDelegate.h */,
				5192411418FB6BCB007BB39D /* AppDelegate.m */,
				51DC100718FB48E200B4C321 /* Main.storyboard */,
				51DC100D18FB48E300B4C321 /* Images.xcassets */,
				5192410B18FB553E007BB39D /* GroupTableViewController.h */,
				5192410C18FB553E007BB39D /* GroupTableViewController.m */,
				5192410F18FB587C007BB39D /* AddGroupViewController.h */,
				5192411018FB587C007BB39D /* AddGroupViewController.m */,
				51BE6F171900E0250022F7EC /* BucketTableViewController.h */,
				51BE6F181900E0250022F7EC /* BucketTableViewController.m */,
				51BE6F1A1900E7D90022F7EC /* AddBucketViewController.h */,
				51BE6F1B1900E7D90022F7EC /* AddBucketViewController.m */,
				51DC0FFC18FB48E200B4C321 /* Supporting Files */,
				51DF66F51908DAD70025D72D /* InstanceTableViewController.h */,
				51DF66F61908DAD70025D72D /* InstanceTableViewController.m */,
				51DF66F81908DE2E0025D72D /* AddInstanceViewController.h */,
				51DF66F91908DE2E0025D72D /* AddInstanceViewController.m */,
			);
			path = MoneyBuckets;
			sourceTree = "<group>";
		};
		51DC0FFC18FB48E200B4C321 /* Supporting Files */ = {
			isa = PBXGroup;
			children = (
				51DC0FFD18FB48E200B4C321 /* MoneyBuckets-Info.plist */,
				51DC0FFE18FB48E200B4C321 /* InfoPlist.strings */,
				51DC100118FB48E200B4C321 /* main.m */,
				51DC100318FB48E200B4C321 /* MoneyBuckets-Prefix.pch */,
			);
			name = "Supporting Files";
			sourceTree = "<group>";
		};
		51DC101A18FB48E300B4C321 /* MoneyBucketsTests */ = {
			isa = PBXGroup;
			children = (
				51DC102018FB48E300B4C321 /* MoneyBucketsTests.m */,
				51DC101B18FB48E300B4C321 /* Supporting Files */,
			);
			path = MoneyBucketsTests;
			sourceTree = "<group>";
		};
		51DC101B18FB48E300B4C321 /* Supporting Files */ = {
			isa = PBXGroup;
			children = (
				51DC101C18FB48E300B4C321 /* MoneyBucketsTests-Info.plist */,
				51DC101D18FB48E300B4C321 /* InfoPlist.strings */,
			);
			name = "Supporting Files";
			sourceTree = "<group>";
		};
/* End PBXGroup section */

/* Begin PBXNativeTarget section */
		51DC0FF118FB48E200B4C321 /* MoneyBuckets */ = {
			isa = PBXNativeTarget;
			buildConfigurationList = 51DC102418FB48E300B4C321 /* Build configuration list for PBXNativeTarget "MoneyBuckets" */;
			buildPhases = (
				51DC0FEE18FB48E200B4C321 /* Sources */,
				51DC0FEF18FB48E200B4C321 /* Frameworks */,
				51DC0FF018FB48E200B4C321 /* Resources */,
			);
			buildRules = (
			);
			dependencies = (
			);
			name = MoneyBuckets;
			productName = MoneyBuckets;
			productReference = 51DC0FF218FB48E200B4C321 /* MoneyBuckets.app */;
			productType = "com.apple.product-type.application";
		};
		51DC101218FB48E300B4C321 /* MoneyBucketsTests */ = {
			isa = PBXNativeTarget;
			buildConfigurationList = 51DC102718FB48E300B4C321 /* Build configuration list for PBXNativeTarget "MoneyBucketsTests" */;
			buildPhases = (
				51DC100F18FB48E300B4C321 /* Sources */,
				51DC101018FB48E300B4C321 /* Frameworks */,
				51DC101118FB48E300B4C321 /* Resources */,
			);
			buildRules = (
			);
			dependencies = (
				51DC101918FB48E300B4C321 /* PBXTargetDependency */,
			);
			name = MoneyBucketsTests;
			productName = MoneyBucketsTests;
			productReference = 51DC101318FB48E300B4C321 /* MoneyBucketsTests.xctest */;
			productType = "com.apple.product-type.bundle.unit-test";
		};
/* End PBXNativeTarget section */

/* Begin PBXProject section */
		51DC0FEA18FB48E200B4C321 /* Project object */ = {
			isa = PBXProject;
			attributes = {
				LastUpgradeCheck = 0510;
				ORGANIZATIONNAME = huahlabs;
				TargetAttributes = {
					51DC0FF118FB48E200B4C321 = {
						DevelopmentTeam = JW8PEV4Q56;
					};
					51DC101218FB48E300B4C321 = {
						TestTargetID = 51DC0FF118FB48E200B4C321;
					};
				};
			};
			buildConfigurationList = 51DC0FED18FB48E200B4C321 /* Build configuration list for PBXProject "MoneyBuckets" */;
			compatibilityVersion = "Xcode 3.2";
			developmentRegion = English;
			hasScannedForEncodings = 0;
			knownRegions = (
				en,
				Base,
			);
			mainGroup = 51DC0FE918FB48E200B4C321;
			productRefGroup = 51DC0FF318FB48E200B4C321 /* Products */;
			projectDirPath = "";
			projectRoot = "";
			targets = (
				51DC0FF118FB48E200B4C321 /* MoneyBuckets */,
				51DC101218FB48E300B4C321 /* MoneyBucketsTests */,
			);
		};
/* End PBXProject section */

/* Begin PBXResourcesBuildPhase section */
		51DC0FF018FB48E200B4C321 /* Resources */ = {
			isa = PBXResourcesBuildPhase;
			buildActionMask = 2147483647;
			files = (
				51DC100E18FB48E300B4C321 /* Images.xcassets in Resources */,
				51DC100018FB48E200B4C321 /* InfoPlist.strings in Resources */,
				51DC100918FB48E200B4C321 /* Main.storyboard in Resources */,
			);
			runOnlyForDeploymentPostprocessing = 0;
		};
		51DC101118FB48E300B4C321 /* Resources */ = {
			isa = PBXResourcesBuildPhase;
			buildActionMask = 2147483647;
			files = (
				51DC101F18FB48E300B4C321 /* InfoPlist.strings in Resources */,
			);
			runOnlyForDeploymentPostprocessing = 0;
		};
/* End PBXResourcesBuildPhase section */

/* Begin PBXSourcesBuildPhase section */
		51DC0FEE18FB48E200B4C321 /* Sources */ = {
			isa = PBXSourcesBuildPhase;
			buildActionMask = 2147483647;
			files = (
				5192411118FB587C007BB39D /* AddGroupViewController.m in Sources */,
				5192412218FE2ADE007BB39D /* Bucket.m in Sources */,
				5192412518FE2B64007BB39D /* Instance.m in Sources */,
				5192410D18FB553E007BB39D /* GroupTableViewController.m in Sources */,
				51BE6F191900E0250022F7EC /* BucketTableViewController.m in Sources */,
				51DC100218FB48E200B4C321 /* main.m in Sources */,
				51DC102F18FB494300B4C321 /* AppModel.xcdatamodeld in Sources */,
				51DF66F71908DAD70025D72D /* InstanceTableViewController.m in Sources */,
				51DF66F41908CCD80025D72D /* Group.m in Sources */,
				5192411518FB6BCB007BB39D /* AppDelegate.m in Sources */,
				51BE6F1C1900E7D90022F7EC /* AddBucketViewController.m in Sources */,
				51DF66FA1908DE2E0025D72D /* AddInstanceViewController.m in Sources */,
			);
			runOnlyForDeploymentPostprocessing = 0;
		};
		51DC100F18FB48E300B4C321 /* Sources */ = {
			isa = PBXSourcesBuildPhase;
			buildActionMask = 2147483647;
			files = (
				5192411218FB587C007BB39D /* AddGroupViewController.m in Sources */,
				51DC102118FB48E300B4C321 /* MoneyBucketsTests.m in Sources */,
				51DC103018FB494300B4C321 /* AppModel.xcdatamodeld in Sources */,
				5192410E18FB553E007BB39D /* GroupTableViewController.m in Sources */,
				5192411618FB6BCB007BB39D /* AppDelegate.m in Sources */,
			);
			runOnlyForDeploymentPostprocessing = 0;
		};
/* End PBXSourcesBuildPhase section */

/* Begin PBXTargetDependency section */
		51DC101918FB48E300B4C321 /* PBXTargetDependency */ = {
			isa = PBXTargetDependency;
			target = 51DC0FF118FB48E200B4C321 /* MoneyBuckets */;
			targetProxy = 51DC101818FB48E300B4C321 /* PBXContainerItemProxy */;
		};
/* End PBXTargetDependency section */

/* Begin PBXVariantGroup section */
		51DC0FFE18FB48E200B4C321 /* InfoPlist.strings */ = {
			isa = PBXVariantGroup;
			children = (
				51DC0FFF18FB48E200B4C321 /* en */,
			);
			name = InfoPlist.strings;
			sourceTree = "<group>";
		};
		51DC100718FB48E200B4C321 /* Main.storyboard */ = {
			isa = PBXVariantGroup;
			children = (
				51DC100818FB48E200B4C321 /* Base */,
			);
			name = Main.storyboard;
			sourceTree = "<group>";
		};
		51DC101D18FB48E300B4C321 /* InfoPlist.strings */ = {
			isa = PBXVariantGroup;
			children = (
				51DC101E18FB48E300B4C321 /* en */,
			);
			name = InfoPlist.strings;
			sourceTree = "<group>";
		};
/* End PBXVariantGroup section */

/* Begin XCBuildConfiguration section */
		51DC102218FB48E300B4C321 /* Debug */ = {
			isa = XCBuildConfiguration;
			buildSettings = {
				ALWAYS_SEARCH_USER_PATHS = NO;
				CLANG_CXX_LANGUAGE_STANDARD = "gnu++0x";
				CLANG_CXX_LIBRARY = "libc++";
				CLANG_ENABLE_MODULES = YES;
				CLANG_ENABLE_OBJC_ARC = YES;
				CLANG_WARN_BOOL_CONVERSION = YES;
				CLANG_WARN_CONSTANT_CONVERSION = YES;
				CLANG_WARN_DIRECT_OBJC_ISA_USAGE = YES_ERROR;
				CLANG_WARN_EMPTY_BODY = YES;
				CLANG_WARN_ENUM_CONVERSION = YES;
				CLANG_WARN_INT_CONVERSION = YES;
				CLANG_WARN_OBJC_ROOT_CLASS = YES_ERROR;
				CLANG_WARN__DUPLICATE_METHOD_MATCH = YES;
				"CODE_SIGN_IDENTITY[sdk=iphoneos*]" = "iPhone Developer";
				COPY_PHASE_STRIP = NO;
				GCC_C_LANGUAGE_STANDARD = gnu99;
				GCC_DYNAMIC_NO_PIC = NO;
				GCC_OPTIMIZATION_LEVEL = 0;
				GCC_PREPROCESSOR_DEFINITIONS = (
					"DEBUG=1",
					"$(inherited)",
				);
				GCC_SYMBOLS_PRIVATE_EXTERN = NO;
				GCC_WARN_64_TO_32_BIT_CONVERSION = YES;
				GCC_WARN_ABOUT_RETURN_TYPE = YES_ERROR;
				GCC_WARN_UNDECLARED_SELECTOR = YES;
				GCC_WARN_UNINITIALIZED_AUTOS = YES_AGGRESSIVE;
				GCC_WARN_UNUSED_FUNCTION = YES;
				GCC_WARN_UNUSED_VARIABLE = YES;
				IPHONEOS_DEPLOYMENT_TARGET = 7.1;
				ONLY_ACTIVE_ARCH = YES;
				SDKROOT = iphoneos;
			};
			name = Debug;
		};
		51DC102318FB48E300B4C321 /* Release */ = {
			isa = XCBuildConfiguration;
			buildSettings = {
				ALWAYS_SEARCH_USER_PATHS = NO;
				CLANG_CXX_LANGUAGE_STANDARD = "gnu++0x";
				CLANG_CXX_LIBRARY = "libc++";
				CLANG_ENABLE_MODULES = YES;
				CLANG_ENABLE_OBJC_ARC = YES;
				CLANG_WARN_BOOL_CONVERSION = YES;
				CLANG_WARN_CONSTANT_CONVERSION = YES;
				CLANG_WARN_DIRECT_OBJC_ISA_USAGE = YES_ERROR;
				CLANG_WARN_EMPTY_BODY = YES;
				CLANG_WARN_ENUM_CONVERSION = YES;
				CLANG_WARN_INT_CONVERSION = YES;
				CLANG_WARN_OBJC_ROOT_CLASS = YES_ERROR;
				CLANG_WARN__DUPLICATE_METHOD_MATCH = YES;
				"CODE_SIGN_IDENTITY[sdk=iphoneos*]" = "iPhone Developer";
				COPY_PHASE_STRIP = YES;
				ENABLE_NS_ASSERTIONS = NO;
				GCC_C_LANGUAGE_STANDARD = gnu99;
				GCC_WARN_64_TO_32_BIT_CONVERSION = YES;
				GCC_WARN_ABOUT_RETURN_TYPE = YES_ERROR;
				GCC_WARN_UNDECLARED_SELECTOR = YES;
				GCC_WARN_UNINITIALIZED_AUTOS = YES_AGGRESSIVE;
				GCC_WARN_UNUSED_FUNCTION = YES;
				GCC_WARN_UNUSED_VARIABLE = YES;
				IPHONEOS_DEPLOYMENT_TARGET = 7.1;
				SDKROOT = iphoneos;
				VALIDATE_PRODUCT = YES;
			};
			name = Release;
		};
		51DC102518FB48E300B4C321 /* Debug */ = {
			isa = XCBuildConfiguration;
			buildSettings = {
				ASSETCATALOG_COMPILER_APPICON_NAME = AppIcon;
				ASSETCATALOG_COMPILER_LAUNCHIMAGE_NAME = LaunchImage;
				CODE_SIGN_IDENTITY = "iPhone Developer";
				"CODE_SIGN_IDENTITY[sdk=iphoneos*]" = "iPhone Developer";
				GCC_PRECOMPILE_PREFIX_HEADER = YES;
				GCC_PREFIX_HEADER = "MoneyBuckets/MoneyBuckets-Prefix.pch";
				INFOPLIST_FILE = "MoneyBuckets/MoneyBuckets-Info.plist";
				PRODUCT_NAME = "$(TARGET_NAME)";
				PROVISIONING_PROFILE = "";
				WRAPPER_EXTENSION = app;
			};
			name = Debug;
		};
		51DC102618FB48E300B4C321 /* Release */ = {
			isa = XCBuildConfiguration;
			buildSettings = {
				ASSETCATALOG_COMPILER_APPICON_NAME = AppIcon;
				ASSETCATALOG_COMPILER_LAUNCHIMAGE_NAME = LaunchImage;
				CODE_SIGN_IDENTITY = "iPhone Developer";
				"CODE_SIGN_IDENTITY[sdk=iphoneos*]" = "iPhone Developer";
				GCC_PRECOMPILE_PREFIX_HEADER = YES;
				GCC_PREFIX_HEADER = "MoneyBuckets/MoneyBuckets-Prefix.pch";
				INFOPLIST_FILE = "MoneyBuckets/MoneyBuckets-Info.plist";
				PRODUCT_NAME = "$(TARGET_NAME)";
				PROVISIONING_PROFILE = "";
				WRAPPER_EXTENSION = app;
			};
			name = Release;
		};
		51DC102818FB48E300B4C321 /* Debug */ = {
			isa = XCBuildConfiguration;
			buildSettings = {
				BUNDLE_LOADER = "$(BUILT_PRODUCTS_DIR)/MoneyBuckets.app/MoneyBuckets";
				FRAMEWORK_SEARCH_PATHS = (
					"$(SDKROOT)/Developer/Library/Frameworks",
					"$(inherited)",
					"$(DEVELOPER_FRAMEWORKS_DIR)",
				);
				GCC_PRECOMPILE_PREFIX_HEADER = YES;
				GCC_PREFIX_HEADER = "MoneyBuckets/MoneyBuckets-Prefix.pch";
				GCC_PREPROCESSOR_DEFINITIONS = (
					"DEBUG=1",
					"$(inherited)",
				);
				INFOPLIST_FILE = "MoneyBucketsTests/MoneyBucketsTests-Info.plist";
				PRODUCT_NAME = "$(TARGET_NAME)";
				TEST_HOST = "$(BUNDLE_LOADER)";
				WRAPPER_EXTENSION = xctest;
			};
			name = Debug;
		};
		51DC102918FB48E300B4C321 /* Release */ = {
			isa = XCBuildConfiguration;
			buildSettings = {
				BUNDLE_LOADER = "$(BUILT_PRODUCTS_DIR)/MoneyBuckets.app/MoneyBuckets";
				FRAMEWORK_SEARCH_PATHS = (
					"$(SDKROOT)/Developer/Library/Frameworks",
					"$(inherited)",
					"$(DEVELOPER_FRAMEWORKS_DIR)",
				);
				GCC_PRECOMPILE_PREFIX_HEADER = YES;
				GCC_PREFIX_HEADER = "MoneyBuckets/MoneyBuckets-Prefix.pch";
				INFOPLIST_FILE = "MoneyBucketsTests/MoneyBucketsTests-Info.plist";
				PRODUCT_NAME = "$(TARGET_NAME)";
				TEST_HOST = "$(BUNDLE_LOADER)";
				WRAPPER_EXTENSION = xctest;
			};
			name = Release;
		};
/* End XCBuildConfiguration section */

/* Begin XCConfigurationList section */
		51DC0FED18FB48E200B4C321 /* Build configuration list for PBXProject "MoneyBuckets" */ = {
			isa = XCConfigurationList;
			buildConfigurations = (
				51DC102218FB48E300B4C321 /* Debug */,
				51DC102318FB48E300B4C321 /* Release */,
			);
			defaultConfigurationIsVisible = 0;
			defaultConfigurationName = Release;
		};
		51DC102418FB48E300B4C321 /* Build configuration list for PBXNativeTarget "MoneyBuckets" */ = {
			isa = XCConfigurationList;
			buildConfigurations = (
				51DC102518FB48E300B4C321 /* Debug */,
				51DC102618FB48E300B4C321 /* Release */,
			);
			defaultConfigurationIsVisible = 0;
			defaultConfigurationName = Release;
		};
		51DC102718FB48E300B4C321 /* Build configuration list for PBXNativeTarget "MoneyBucketsTests" */ = {
			isa = XCConfigurationList;
			buildConfigurations = (
				51DC102818FB48E300B4C321 /* Debug */,
				51DC102918FB48E300B4C321 /* Release */,
			);
			defaultConfigurationIsVisible = 0;
			defaultConfigurationName = Release;
		};
/* End XCConfigurationList section */

/* Begin XCVersionGroup section */
		51DC102D18FB494300B4C321 /* AppModel.xcdatamodeld */ = {
			isa = XCVersionGroup;
			children = (
				51DC102E18FB494300B4C321 /* AppModel.xcdatamodel */,
			);
			currentVersion = 51DC102E18FB494300B4C321 /* AppModel.xcdatamodel */;
			name = AppModel.xcdatamodeld;
			path = ../AppModel.xcdatamodeld;
			sourceTree = "<group>";
			versionGroupType = wrapper.xcdatamodel;
		};
/* End XCVersionGroup section */
	};
	rootObject = 51DC0FEA18FB48E200B4C321 /* Project object */;
}
